
Microsoft Visual Studio Solution File, Format Version 12.00
# Visual Studio Version 16
VisualStudioVersion = 16.0.29709.97
MinimumVisualStudioVersion = 10.0.40219.1
Project("{9A19103F-16F7-4668-BE54-9A1E7A4F7556}") = "ProviderEdge_V3_Core01", "ProviderEdge_V3_Core01\ProviderEdge_V3_Core01.csproj", "{957EB459-7F03-43AC-A9D0-367FF40411A9}"
EndProject
Global
	GlobalSection(SolutionConfigurationPlatforms) = preSolution
		Debug|Any CPU = Debug|Any CPU
		Release|Any CPU = Release|Any CPU
	EndGlobalSection
	GlobalSection(ProjectConfigurationPlatforms) = postSolution
		{957EB459-7F03-43AC-A9D0-367FF40411A9}.Debug|Any CPU.ActiveCfg = Debug|Any CPU
		{957EB459-7F03-43AC-A9D0-367FF40411A9}.Debug|Any CPU.Build.0 = Debug|Any CPU
		{957EB459-7F03-43AC-A9D0-367FF40411A9}.Release|Any CPU.ActiveCfg = Release|Any CPU
		{957EB459-7F03-43AC-A9D0-367FF40411A9}.Release|Any CPU.Build.0 = Release|Any CPU
	EndGlobalSection
	GlobalSection(SolutionProperties) = preSolution
		HideSolutionNode = FALSE
	EndGlobalSection
	GlobalSection(ExtensibilityGlobals) = postSolution
		SolutionGuid = {505D32FE-AB79-4B1D-910E-E41A51FFA5E7}
	EndGlobalSection
EndGlobal
